
Microsoft Visual Studio Solution File, Format Version 12.00
# Visual Studio Version 17
VisualStudioVersion = 17.0.31903.59
MinimumVisualStudioVersion = 10.0.40219.1
Project("{FAE04EC0-301F-11D3-BF4B-00C04F79EFBC}") = "RealEstateManagement.API", "RealEstateManagement.API\RealEstateManagement.API.csproj", "{7D9861C7-3DFF-4D7D-9396-1066B1584BBC}"
EndProject
Project("{FAE04EC0-301F-11D3-BF4B-00C04F79EFBC}") = "RealEstateManagement.Business", "RealEstateManagement.Business\RealEstateManagement.Business.csproj", "{9043942E-6CD1-48AC-A094-F85A3DA75522}"
EndProject
Project("{FAE04EC0-301F-11D3-BF4B-00C04F79EFBC}") = "RealEstateManagement.Entity", "RealEstateManagement.Entity\RealEstateManagement.Entity.csproj", "{41B56FCE-81B6-4E70-BD50-08FA83517316}"
EndProject
Project("{FAE04EC0-301F-11D3-BF4B-00C04F79EFBC}") = "RealEstateManagement.Data", "RealEstateManagement.Data\RealEstateManagement.Data.csproj", "{502A68D9-5108-4160-8007-FB03769A5B6A}"
EndProject
Global
	GlobalSection(SolutionConfigurationPlatforms) = preSolution
		Debug|Any CPU = Debug|Any CPU
		Debug|x64 = Debug|x64
		Debug|x86 = Debug|x86
		Release|Any CPU = Release|Any CPU
		Release|x64 = Release|x64
		Release|x86 = Release|x86
	EndGlobalSection
	GlobalSection(ProjectConfigurationPlatforms) = postSolution
		{7D9861C7-3DFF-4D7D-9396-1066B1584BBC}.Debug|Any CPU.ActiveCfg = Debug|Any CPU
		{7D9861C7-3DFF-4D7D-9396-1066B1584BBC}.Debug|Any CPU.Build.0 = Debug|Any CPU
		{7D9861C7-3DFF-4D7D-9396-1066B1584BBC}.Debug|x64.ActiveCfg = Debug|Any CPU
		{7D9861C7-3DFF-4D7D-9396-1066B1584BBC}.Debug|x64.Build.0 = Debug|Any CPU
		{7D9861C7-3DFF-4D7D-9396-1066B1584BBC}.Debug|x86.ActiveCfg = Debug|Any CPU
		{7D9861C7-3DFF-4D7D-9396-1066B1584BBC}.Debug|x86.Build.0 = Debug|Any CPU
		{7D9861C7-3DFF-4D7D-9396-1066B1584BBC}.Release|Any CPU.ActiveCfg = Release|Any CPU
		{7D9861C7-3DFF-4D7D-9396-1066B1584BBC}.Release|Any CPU.Build.0 = Release|Any CPU
		{7D9861C7-3DFF-4D7D-9396-1066B1584BBC}.Release|x64.ActiveCfg = Release|Any CPU
		{7D9861C7-3DFF-4D7D-9396-1066B1584BBC}.Release|x64.Build.0 = Release|Any CPU
		{7D9861C7-3DFF-4D7D-9396-1066B1584BBC}.Release|x86.ActiveCfg = Release|Any CPU
		{7D9861C7-3DFF-4D7D-9396-1066B1584BBC}.Release|x86.Build.0 = Release|Any CPU
		{9043942E-6CD1-48AC-A094-F85A3DA75522}.Debug|Any CPU.ActiveCfg = Debug|Any CPU
		{9043942E-6CD1-48AC-A094-F85A3DA75522}.Debug|Any CPU.Build.0 = Debug|Any CPU
		{9043942E-6CD1-48AC-A094-F85A3DA75522}.Debug|x64.ActiveCfg = Debug|Any CPU
		{9043942E-6CD1-48AC-A094-F85A3DA75522}.Debug|x64.Build.0 = Debug|Any CPU
		{9043942E-6CD1-48AC-A094-F85A3DA75522}.Debug|x86.ActiveCfg = Debug|Any CPU
		{9043942E-6CD1-48AC-A094-F85A3DA75522}.Debug|x86.Build.0 = Debug|Any CPU
		{9043942E-6CD1-48AC-A094-F85A3DA75522}.Release|Any CPU.ActiveCfg = Release|Any CPU
		{9043942E-6CD1-48AC-A094-F85A3DA75522}.Release|Any CPU.Build.0 = Release|Any CPU
		{9043942E-6CD1-48AC-A094-F85A3DA75522}.Release|x64.ActiveCfg = Release|Any CPU
		{9043942E-6CD1-48AC-A094-F85A3DA75522}.Release|x64.Build.0 = Release|Any CPU
		{9043942E-6CD1-48AC-A094-F85A3DA75522}.Release|x86.ActiveCfg = Release|Any CPU
		{9043942E-6CD1-48AC-A094-F85A3DA75522}.Release|x86.Build.0 = Release|Any CPU
		{41B56FCE-81B6-4E70-BD50-08FA83517316}.Debug|Any CPU.ActiveCfg = Debug|Any CPU
		{41B56FCE-81B6-4E70-BD50-08FA83517316}.Debug|Any CPU.Build.0 = Debug|Any CPU
		{41B56FCE-81B6-4E70-BD50-08FA83517316}.Debug|x64.ActiveCfg = Debug|Any CPU
		{41B56FCE-81B6-4E70-BD50-08FA83517316}.Debug|x64.Build.0 = Debug|Any CPU
		{41B56FCE-81B6-4E70-BD50-08FA83517316}.Debug|x86.ActiveCfg = Debug|Any CPU
		{41B56FCE-81B6-4E70-BD50-08FA83517316}.Debug|x86.Build.0 = Debug|Any CPU
		{41B56FCE-81B6-4E70-BD50-08FA83517316}.Release|Any CPU.ActiveCfg = Release|Any CPU
		{41B56FCE-81B6-4E70-BD50-08FA83517316}.Release|Any CPU.Build.0 = Release|Any CPU
		{41B56FCE-81B6-4E70-BD50-08FA83517316}.Release|x64.ActiveCfg = Release|Any CPU
		{41B56FCE-81B6-4E70-BD50-08FA83517316}.Release|x64.Build.0 = Release|Any CPU
		{41B56FCE-81B6-4E70-BD50-08FA83517316}.Release|x86.ActiveCfg = Release|Any CPU
		{41B56FCE-81B6-4E70-BD50-08FA83517316}.Release|x86.Build.0 = Release|Any CPU
		{502A68D9-5108-4160-8007-FB03769A5B6A}.Debug|Any CPU.ActiveCfg = Debug|Any CPU
		{502A68D9-5108-4160-8007-FB03769A5B6A}.Debug|Any CPU.Build.0 = Debug|Any CPU
		{502A68D9-5108-4160-8007-FB03769A5B6A}.Debug|x64.ActiveCfg = Debug|Any CPU
		{502A68D9-5108-4160-8007-FB03769A5B6A}.Debug|x64.Build.0 = Debug|Any CPU
		{502A68D9-5108-4160-8007-FB03769A5B6A}.Debug|x86.ActiveCfg = Debug|Any CPU
		{502A68D9-5108-4160-8007-FB03769A5B6A}.Debug|x86.Build.0 = Debug|Any CPU
		{502A68D9-5108-4160-8007-FB03769A5B6A}.Release|Any CPU.ActiveCfg = Release|Any CPU
		{502A68D9-5108-4160-8007-FB03769A5B6A}.Release|Any CPU.Build.0 = Release|Any CPU
		{502A68D9-5108-4160-8007-FB03769A5B6A}.Release|x64.ActiveCfg = Release|Any CPU
		{502A68D9-5108-4160-8007-FB03769A5B6A}.Release|x64.Build.0 = Release|Any CPU
		{502A68D9-5108-4160-8007-FB03769A5B6A}.Release|x86.ActiveCfg = Release|Any CPU
		{502A68D9-5108-4160-8007-FB03769A5B6A}.Release|x86.Build.0 = Release|Any CPU
	EndGlobalSection
	GlobalSection(SolutionProperties) = preSolution
		HideSolutionNode = FALSE
	EndGlobalSection
EndGlobal
